PODS:
  - JSONModel (1.7.0)
  - MBProgressHUD (1.0.0)
  - ReactiveObjC (3.0.0)
  - SDWebImage (4.0.0):
    - SDWebImage/Core (= 4.0.0)
  - SDWebImage/Core (4.0.0)

DEPENDENCIES:
  - JSONModel
  - MBProgressHUD
  - ReactiveObjC
  - SDWebImage

SPEC CHECKSUMS:
  JSONModel: 840bc0fcffb24b8454d2c026bf26fea454b8e98d
  MBProgressHUD: 4890f671c94e8a0f3cf959aa731e9de2f036d71a
  ReactiveObjC: ce79989e8684b9086b5f8d0c74bc7b81a8729c9e
  SDWebImage: 76a6348bdc74eb5a55dd08a091ef298e56b55e41

PODFILE CHECKSUM: b719c665e69142085b5f02e8441903dd15ad044b

COCOAPODS: 1.2.0
